<?xml version="1.0" encoding="utf-8"?>
<Project ToolsVersion="4.0" xmlns="http://schemas.microsoft.com/developer/msbuild/2003">
  <ItemGroup>
    <Filter Include="Main">
      <UniqueIdentifier>{4dfb1b1d-1c60-41d1-98a8-dc79bf9f91ff}</UniqueIdentifier>
    </Filter>
    <Filter Include="WordFrequencyAnalyzer">
      <UniqueIdentifier>{b9a0bf80-5caa-4e2e-bf9b-3f7570316236}</UniqueIdentifier>
    </Filter>
  </ItemGroup>
  <ItemGroup>
    <ClCompile Include="main.cpp">
      <Filter>Main</Filter>
    </ClCompile>
    <ClCompile Include="WordFrequencyAnalyzer.cpp">
      <Filter>WordFrequencyAnalyzer</Filter>
    </ClCompile>
  </ItemGroup>
  <ItemGroup>
    <ClInclude Include="WordFrequencyAnalyzer.h">
      <Filter>WordFrequencyAnalyzer</Filter>
    </ClInclude>
  </ItemGroup>
</Project>